
Microsoft Visual Studio Solution File, Format Version 11.00
# Visual Studio 2010
Project("{FAE04EC0-301F-11D3-BF4B-00C04F79EFBC}") = "DDW.Web", "DDW.Web\DDW.Web.csproj", "{FC154708-C9F7-49DD-ADD5-42DC446F98FD}"
EndProject
Project("{FAE04EC0-301F-11D3-BF4B-00C04F79EFBC}") = "DDW.Web.Tests", "DDW.Web.Tests\DDW.Web.Tests.csproj", "{42AB4FB4-6EDA-4991-B179-453304466CCD}"
EndProject
Global
	GlobalSection(SolutionConfigurationPlatforms) = preSolution
		Debug|Any CPU = Debug|Any CPU
		Release|Any CPU = Release|Any CPU
	EndGlobalSection
	GlobalSection(ProjectConfigurationPlatforms) = postSolution
		{FC154708-C9F7-49DD-ADD5-42DC446F98FD}.Debug|Any CPU.ActiveCfg = Debug|Any CPU
		{FC154708-C9F7-49DD-ADD5-42DC446F98FD}.Debug|Any CPU.Build.0 = Debug|Any CPU
		{FC154708-C9F7-49DD-ADD5-42DC446F98FD}.Release|Any CPU.ActiveCfg = Release|Any CPU
		{FC154708-C9F7-49DD-ADD5-42DC446F98FD}.Release|Any CPU.Build.0 = Release|Any CPU
		{42AB4FB4-6EDA-4991-B179-453304466CCD}.Debug|Any CPU.ActiveCfg = Debug|Any CPU
		{42AB4FB4-6EDA-4991-B179-453304466CCD}.Debug|Any CPU.Build.0 = Debug|Any CPU
		{42AB4FB4-6EDA-4991-B179-453304466CCD}.Release|Any CPU.ActiveCfg = Release|Any CPU
		{42AB4FB4-6EDA-4991-B179-453304466CCD}.Release|Any CPU.Build.0 = Release|Any CPU
	EndGlobalSection
	GlobalSection(SolutionProperties) = preSolution
		HideSolutionNode = FALSE
	EndGlobalSection
EndGlobal
